// !$*UTF8*$!
{
	archiveVersion = 1;
	classes = {
	};
	objectVersion = 51;
	objects = {

/* Begin PBXBuildFile section */
		4A2F4B4F3731CE2284A7DA35 /* Pods_CompositionalLayouts.framework in Frameworks */ = {isa = PBXBuildFile; fileRef = 220A4423E9A28CEEA2003307 /* Pods_CompositionalLayouts.framework */; };
		979FE635481C7600841B022A /* Pods_CompositionalLayouts_CompositionalLayoutsUITests.framework in Frameworks */ = {isa = PBXBuildFile; fileRef = 450CE20EB93C9394DC74A851 /* Pods_CompositionalLayouts_CompositionalLayoutsUITests.framework */; };
		A3FFA3023D0B082EE44A17C6 /* Pods_CompositionalLayoutsTests.framework in Frameworks */ = {isa = PBXBuildFile; fileRef = 9FA02679BB84B280D7AAC0B8 /* Pods_CompositionalLayoutsTests.framework */; };
		BB014DDF2758D469009B1B16 /* MainViewModel.swift in Sources */ = {isa = PBXBuildFile; fileRef = BB014DDE2758D469009B1B16 /* MainViewModel.swift */; };
		BB014DE12758F8FA009B1B16 /* SubCell.swift in Sources */ = {isa = PBXBuildFile; fileRef = BB014DE02758F8FA009B1B16 /* SubCell.swift */; };
		BB014DE32758F906009B1B16 /* SubCell.xib in Resources */ = {isa = PBXBuildFile; fileRef = BB014DE22758F906009B1B16 /* SubCell.xib */; };
		BB014DE82759044D009B1B16 /* Localizable.strings in Resources */ = {isa = PBXBuildFile; fileRef = BB014DE72759044D009B1B16 /* Localizable.strings */; };
		BB014DED275904A6009B1B16 /* Segues.swift in Sources */ = {isa = PBXBuildFile; fileRef = BB014DEA275904A6009B1B16 /* Segues.swift */; };
		BB014DEE275904A6009B1B16 /* Assets.swift in Sources */ = {isa = PBXBuildFile; fileRef = BB014DEB275904A6009B1B16 /* Assets.swift */; };
		BB014DEF275904A6009B1B16 /* Strings.swift in Sources */ = {isa = PBXBuildFile; fileRef = BB014DEC275904A6009B1B16 /* Strings.swift */; };
		BB1A86342755B38800C92789 /* SectionModelType.swift in Sources */ = {isa = PBXBuildFile; fileRef = BB1A86332755B38800C92789 /* SectionModelType.swift */; };
		BB1A86362755B4FC00C92789 /* MainDataSource.swift in Sources */ = {isa = PBXBuildFile; fileRef = BB1A86352755B4FC00C92789 /* MainDataSource.swift */; };
		BB1A86382755D52000C92789 /* MainCell.swift in Sources */ = {isa = PBXBuildFile; fileRef = BB1A86372755D52000C92789 /* MainCell.swift */; };
		BB1A863A2755D52B00C92789 /* MainCell.xib in Resources */ = {isa = PBXBuildFile; fileRef = BB1A86392755D52B00C92789 /* MainCell.xib */; };
		BB1A863C2755D58C00C92789 /* UICollectionView+Utils.swift in Sources */ = {isa = PBXBuildFile; fileRef = BB1A863B2755D58C00C92789 /* UICollectionView+Utils.swift */; };
		BB1A8647275671A800C92789 /* HeaderView.xib in Resources */ = {isa = PBXBuildFile; fileRef = BB1A8646275671A800C92789 /* HeaderView.xib */; };
		BB1A8649275671BA00C92789 /* HeaderView.swift in Sources */ = {isa = PBXBuildFile; fileRef = BB1A8648275671BA00C92789 /* HeaderView.swift */; };
		BB1A864C275676BE00C92789 /* FooterView.swift in Sources */ = {isa = PBXBuildFile; fileRef = BB1A864B275676BE00C92789 /* FooterView.swift */; };
		BB1A864E275676C700C92789 /* FooterView.xib in Resources */ = {isa = PBXBuildFile; fileRef = BB1A864D275676C700C92789 /* FooterView.xib */; };
		BBB107BA2648284C003E9D08 /* AppDelegate.swift in Sources */ = {isa = PBXBuildFile; fileRef = BBB107B92648284C003E9D08 /* AppDelegate.swift */; };
		BBB107BC2648284C003E9D08 /* SceneDelegate.swift in Sources */ = {isa = PBXBuildFile; fileRef = BBB107BB2648284C003E9D08 /* SceneDelegate.swift */; };
		BBB107C32648284D003E9D08 /* Assets.xcassets in Resources */ = {isa = PBXBuildFile; fileRef = BBB107C22648284D003E9D08 /* Assets.xcassets */; };
		BBB107C62648284D003E9D08 /* LaunchScreen.storyboard in Resources */ = {isa = PBXBuildFile; fileRef = BBB107C42648284D003E9D08 /* LaunchScreen.storyboard */; };
		BBB107D12648284D003E9D08 /* CompositionalLayoutsTests.swift in Sources */ = {isa = PBXBuildFile; fileRef = BBB107D02648284D003E9D08 /* CompositionalLayoutsTests.swift */; };
		BBB107DC2648284D003E9D08 /* CompositionalLayoutsUITests.swift in Sources */ = {isa = PBXBuildFile; fileRef = BBB107DB2648284D003E9D08 /* CompositionalLayoutsUITests.swift */; };
		BBB1082E26482AB2003E9D08 /* MainViewController.swift in Sources */ = {isa = PBXBuildFile; fileRef = BBB1082D26482AB2003E9D08 /* MainViewController.swift */; };
		BBB1084F2648E647003E9D08 /* Main.storyboard in Resources */ = {isa = PBXBuildFile; fileRef = BBB1084E2648E647003E9D08 /* Main.storyboard */; };
/* End PBXBuildFile section */

/* Begin PBXContainerItemProxy section */
		BBB107CD2648284D003E9D08 /* PBXContainerItemProxy */ = {
			isa = PBXContainerItemProxy;
			containerPortal = BBB107AE2648284C003E9D08 /* Project object */;
			proxyType = 1;
			remoteGlobalIDString = BBB107B52648284C003E9D08;
			remoteInfo = CompositionalLayouts;
		};
		BBB107D82648284D003E9D08 /* PBXContainerItemProxy */ = {
			isa = PBXContainerItemProxy;
			containerPortal = BBB107AE2648284C003E9D08 /* Project object */;
			proxyType = 1;
			remoteGlobalIDString = BBB107B52648284C003E9D08;
			remoteInfo = CompositionalLayouts;
		};
/* End PBXContainerItemProxy section */

/* Begin PBXFileReference section */
		159E62A7E5F270BDCE36FD3F /* Pods-CompositionalLayouts-CompositionalLayoutsUITests.debug.xcconfig */ = {isa = PBXFileReference; includeInIndex = 1; lastKnownFileType = text.xcconfig; name = "Pods-CompositionalLayouts-CompositionalLayoutsUITests.debug.xcconfig"; path = "Target Support Files/Pods-CompositionalLayouts-CompositionalLayoutsUITests/Pods-CompositionalLayouts-CompositionalLayoutsUITests.debug.xcconfig"; sourceTree = "<group>"; };
		220A4423E9A28CEEA2003307 /* Pods_CompositionalLayouts.framework */ = {isa = PBXFileReference; explicitFileType = wrapper.framework; includeInIndex = 0; path = Pods_CompositionalLayouts.framework; sourceTree = BUILT_PRODUCTS_DIR; };
		450CE20EB93C9394DC74A851 /* Pods_CompositionalLayouts_CompositionalLayoutsUITests.framework */ = {isa = PBXFileReference; explicitFileType = wrapper.framework; includeInIndex = 0; path = Pods_CompositionalLayouts_CompositionalLayoutsUITests.framework; sourceTree = BUILT_PRODUCTS_DIR; };
		52D8163D04193DFC7CC57314 /* Pods-CompositionalLayoutsTests.release.xcconfig */ = {isa = PBXFileReference; includeInIndex = 1; lastKnownFileType = text.xcconfig; name = "Pods-CompositionalLayoutsTests.release.xcconfig"; path = "Target Support Files/Pods-CompositionalLayoutsTests/Pods-CompositionalLayoutsTests.release.xcconfig"; sourceTree = "<group>"; };
		6E5BB6DFC803C64274C3C9B2 /* Pods-CompositionalLayouts-CompositionalLayoutsUITests.release.xcconfig */ = {isa = PBXFileReference; includeInIndex = 1; lastKnownFileType = text.xcconfig; name = "Pods-CompositionalLayouts-CompositionalLayoutsUITests.release.xcconfig"; path = "Target Support Files/Pods-CompositionalLayouts-CompositionalLayoutsUITests/Pods-CompositionalLayouts-CompositionalLayoutsUITests.release.xcconfig"; sourceTree = "<group>"; };
		803FC15AD0642FB093AF933F /* Pods-CompositionalLayouts.debug.xcconfig */ = {isa = PBXFileReference; includeInIndex = 1; lastKnownFileType = text.xcconfig; name = "Pods-CompositionalLayouts.debug.xcconfig"; path = "Target Support Files/Pods-CompositionalLayouts/Pods-CompositionalLayouts.debug.xcconfig"; sourceTree = "<group>"; };
		896397D00B263DEE2B579C83 /* Pods-CompositionalLayouts.release.xcconfig */ = {isa = PBXFileReference; includeInIndex = 1; lastKnownFileType = text.xcconfig; name = "Pods-CompositionalLayouts.release.xcconfig"; path = "Target Support Files/Pods-CompositionalLayouts/Pods-CompositionalLayouts.release.xcconfig"; sourceTree = "<group>"; };
		9FA02679BB84B280D7AAC0B8 /* Pods_CompositionalLayoutsTests.framework */ = {isa = PBXFileReference; explicitFileType = wrapper.framework; includeInIndex = 0; path = Pods_CompositionalLayoutsTests.framework; sourceTree = BUILT_PRODUCTS_DIR; };
		BB014DDE2758D469009B1B16 /* MainViewModel.swift */ = {isa = PBXFileReference; lastKnownFileType = sourcecode.swift; path = MainViewModel.swift; sourceTree = "<group>"; };
		BB014DE02758F8FA009B1B16 /* SubCell.swift */ = {isa = PBXFileReference; lastKnownFileType = sourcecode.swift; path = SubCell.swift; sourceTree = "<group>"; };
		BB014DE22758F906009B1B16 /* SubCell.xib */ = {isa = PBXFileReference; lastKnownFileType = file.xib; path = SubCell.xib; sourceTree = "<group>"; };
		BB014DE72759044D009B1B16 /* Localizable.strings */ = {isa = PBXFileReference; lastKnownFileType = text.plist.strings; path = Localizable.strings; sourceTree = "<group>"; };
		BB014DEA275904A6009B1B16 /* Segues.swift */ = {isa = PBXFileReference; fileEncoding = 4; lastKnownFileType = sourcecode.swift; path = Segues.swift; sourceTree = "<group>"; };
		BB014DEB275904A6009B1B16 /* Assets.swift */ = {isa = PBXFileReference; fileEncoding = 4; lastKnownFileType = sourcecode.swift; path = Assets.swift; sourceTree = "<group>"; };
		BB014DEC275904A6009B1B16 /* Strings.swift */ = {isa = PBXFileReference; fileEncoding = 4; lastKnownFileType = sourcecode.swift; path = Strings.swift; sourceTree = "<group>"; };
		BB1A86332755B38800C92789 /* SectionModelType.swift */ = {isa = PBXFileReference; lastKnownFileType = sourcecode.swift; path = SectionModelType.swift; sourceTree = "<group>"; };
		BB1A86352755B4FC00C92789 /* MainDataSource.swift */ = {isa = PBXFileReference; fileEncoding = 4; lastKnownFileType = sourcecode.swift; path = MainDataSource.swift; sourceTree = "<group>"; };
		BB1A86372755D52000C92789 /* MainCell.swift */ = {isa = PBXFileReference; lastKnownFileType = sourcecode.swift; path = MainCell.swift; sourceTree = "<group>"; };
		BB1A86392755D52B00C92789 /* MainCell.xib */ = {isa = PBXFileReference; lastKnownFileType = file.xib; path = MainCell.xib; sourceTree = "<group>"; };
		BB1A863B2755D58C00C92789 /* UICollectionView+Utils.swift */ = {isa = PBXFileReference; fileEncoding = 4; lastKnownFileType = sourcecode.swift; path = "UICollectionView+Utils.swift"; sourceTree = "<group>"; };
		BB1A8646275671A800C92789 /* HeaderView.xib */ = {isa = PBXFileReference; lastKnownFileType = file.xib; path = HeaderView.xib; sourceTree = "<group>"; };
		BB1A8648275671BA00C92789 /* HeaderView.swift */ = {isa = PBXFileReference; lastKnownFileType = sourcecode.swift; path = HeaderView.swift; sourceTree = "<group>"; };
		BB1A864B275676BE00C92789 /* FooterView.swift */ = {isa = PBXFileReference; lastKnownFileType = sourcecode.swift; path = FooterView.swift; sourceTree = "<group>"; };
		BB1A864D275676C700C92789 /* FooterView.xib */ = {isa = PBXFileReference; lastKnownFileType = file.xib; path = FooterView.xib; sourceTree = "<group>"; };
		BBB107B62648284C003E9D08 /* CompositionalLayouts.app */ = {isa = PBXFileReference; explicitFileType = wrapper.application; includeInIndex = 0; path = CompositionalLayouts.app; sourceTree = BUILT_PRODUCTS_DIR; };
		BBB107B92648284C003E9D08 /* AppDelegate.swift */ = {isa = PBXFileReference; lastKnownFileType = sourcecode.swift; path = AppDelegate.swift; sourceTree = "<group>"; };
		BBB107BB2648284C003E9D08 /* SceneDelegate.swift */ = {isa = PBXFileReference; lastKnownFileType = sourcecode.swift; path = SceneDelegate.swift; sourceTree = "<group>"; };
		BBB107C22648284D003E9D08 /* Assets.xcassets */ = {isa = PBXFileReference; lastKnownFileType = folder.assetcatalog; path = Assets.xcassets; sourceTree = "<group>"; };
		BBB107C52648284D003E9D08 /* Base */ = {isa = PBXFileReference; lastKnownFileType = file.storyboard; name = Base; path = Base.lproj/LaunchScreen.storyboard; sourceTree = "<group>"; };
		BBB107C72648284D003E9D08 /* Info.plist */ = {isa = PBXFileReference; lastKnownFileType = text.plist.xml; path = Info.plist; sourceTree = "<group>"; };
		BBB107CC2648284D003E9D08 /* CompositionalLayoutsTests.xctest */ = {isa = PBXFileReference; explicitFileType = wrapper.cfbundle; includeInIndex = 0; path = CompositionalLayoutsTests.xctest; sourceTree = BUILT_PRODUCTS_DIR; };
		BBB107D02648284D003E9D08 /* CompositionalLayoutsTests.swift */ = {isa = PBXFileReference; lastKnownFileType = sourcecode.swift; path = CompositionalLayoutsTests.swift; sourceTree = "<group>"; };
		BBB107D22648284D003E9D08 /* Info.plist */ = {isa = PBXFileReference; lastKnownFileType = text.plist.xml; path = Info.plist; sourceTree = "<group>"; };
		BBB107D72648284D003E9D08 /* CompositionalLayoutsUITests.xctest */ = {isa = PBXFileReference; explicitFileType = wrapper.cfbundle; includeInIndex = 0; path = CompositionalLayoutsUITests.xctest; sourceTree = BUILT_PRODUCTS_DIR; };
		BBB107DB2648284D003E9D08 /* CompositionalLayoutsUITests.swift */ = {isa = PBXFileReference; lastKnownFileType = sourcecode.swift; path = CompositionalLayoutsUITests.swift; sourceTree = "<group>"; };
		BBB107DD2648284D003E9D08 /* Info.plist */ = {isa = PBXFileReference; lastKnownFileType = text.plist.xml; path = Info.plist; sourceTree = "<group>"; };
		BBB1082D26482AB2003E9D08 /* MainViewController.swift */ = {isa = PBXFileReference; lastKnownFileType = sourcecode.swift; path = MainViewController.swift; sourceTree = "<group>"; };
		BBB1084E2648E647003E9D08 /* Main.storyboard */ = {isa = PBXFileReference; lastKnownFileType = file.storyboard; path = Main.storyboard; sourceTree = "<group>"; };
		BCF26FBA2658E0D680D75C24 /* Pods-CompositionalLayoutsTests.debug.xcconfig */ = {isa = PBXFileReference; includeInIndex = 1; lastKnownFileType = text.xcconfig; name = "Pods-CompositionalLayoutsTests.debug.xcconfig"; path = "Target Support Files/Pods-CompositionalLayoutsTests/Pods-CompositionalLayoutsTests.debug.xcconfig"; sourceTree = "<group>"; };
/* End PBXFileReference section */

/* Begin PBXFrameworksBuildPhase section */
		BBB107B32648284C003E9D08 /* Frameworks */ = {
			isa = PBXFrameworksBuildPhase;
			buildActionMask = 2147483647;
			files = (
				4A2F4B4F3731CE2284A7DA35 /* Pods_CompositionalLayouts.framework in Frameworks */,
			);
			runOnlyForDeploymentPostprocessing = 0;
		};
		BBB107C92648284D003E9D08 /* Frameworks */ = {
			isa = PBXFrameworksBuildPhase;
			buildActionMask = 2147483647;
			files = (
				A3FFA3023D0B082EE44A17C6 /* Pods_CompositionalLayoutsTests.framework in Frameworks */,
			);
			runOnlyForDeploymentPostprocessing = 0;
		};
		BBB107D42648284D003E9D08 /* Frameworks */ = {
			isa = PBXFrameworksBuildPhase;
			buildActionMask = 2147483647;
			files = (
				979FE635481C7600841B022A /* Pods_CompositionalLayouts_CompositionalLayoutsUITests.framework in Frameworks */,
			);
			runOnlyForDeploymentPostprocessing = 0;
		};
/* End PBXFrameworksBuildPhase section */

/* Begin PBXGroup section */
		300B5A8E7B132C150F31A468 /* Pods */ = {
			isa = PBXGroup;
			children = (
				803FC15AD0642FB093AF933F /* Pods-CompositionalLayouts.debug.xcconfig */,
				896397D00B263DEE2B579C83 /* Pods-CompositionalLayouts.release.xcconfig */,
				159E62A7E5F270BDCE36FD3F /* Pods-CompositionalLayouts-CompositionalLayoutsUITests.debug.xcconfig */,
				6E5BB6DFC803C64274C3C9B2 /* Pods-CompositionalLayouts-CompositionalLayoutsUITests.release.xcconfig */,
				BCF26FBA2658E0D680D75C24 /* Pods-CompositionalLayoutsTests.debug.xcconfig */,
				52D8163D04193DFC7CC57314 /* Pods-CompositionalLayoutsTests.release.xcconfig */,
			);
			path = Pods;
			sourceTree = "<group>";
		};
		51598229E018BA728C7C2D18 /* Frameworks */ = {
			isa = PBXGroup;
			children = (
				220A4423E9A28CEEA2003307 /* Pods_CompositionalLayouts.framework */,
				450CE20EB93C9394DC74A851 /* Pods_CompositionalLayouts_CompositionalLayoutsUITests.framework */,
				9FA02679BB84B280D7AAC0B8 /* Pods_CompositionalLayoutsTests.framework */,
			);
			name = Frameworks;
			sourceTree = "<group>";
		};
		BB014DE62759042B009B1B16 /* Constants */ = {
			isa = PBXGroup;
			children = (
				BB014DEB275904A6009B1B16 /* Assets.swift */,
				BB014DEA275904A6009B1B16 /* Segues.swift */,
				BB014DEC275904A6009B1B16 /* Strings.swift */,
			);
			path = Constants;
			sourceTree = "<group>";
		};
		BB1A863D2755D5E200C92789 /* Presentations */ = {
			isa = PBXGroup;
			children = (
				BBB1080326482981003E9D08 /* Main */,
			);
			path = Presentations;
			sourceTree = "<group>";
		};
		BB1A863E2755D60800C92789 /* Cells */ = {
			isa = PBXGroup;
			children = (
				BB1A86372755D52000C92789 /* MainCell.swift */,
				BB1A86392755D52B00C92789 /* MainCell.xib */,
				BB014DE02758F8FA009B1B16 /* SubCell.swift */,
				BB014DE22758F906009B1B16 /* SubCell.xib */,
			);
			path = Cells;
			sourceTree = "<group>";
		};
		BB1A863F2755D62E00C92789 /* Sections */ = {
			isa = PBXGroup;
			children = (
				BB1A86332755B38800C92789 /* SectionModelType.swift */,
			);
			path = Sections;
			sourceTree = "<group>";
		};
		BB1A86402755D66000C92789 /* Extenstions */ = {
			isa = PBXGroup;
			children = (
				BB1A863B2755D58C00C92789 /* UICollectionView+Utils.swift */,
			);
			path = Extenstions;
			sourceTree = "<group>";
		};
		BB1A86412755D68800C92789 /* New Group */ = {
			isa = PBXGroup;
			children = (
			);
			path = "New Group";
			sourceTree = "<group>";
		};
		BB1A86422755D69B00C92789 /* DataSource */ = {
			isa = PBXGroup;
			children = (
				BB1A86352755B4FC00C92789 /* MainDataSource.swift */,
			);
			path = DataSource;
			sourceTree = "<group>";
		};
		BB1A86452756716800C92789 /* Header */ = {
			isa = PBXGroup;
			children = (
				BB1A8648275671BA00C92789 /* HeaderView.swift */,
				BB1A8646275671A800C92789 /* HeaderView.xib */,
			);
			path = Header;
			sourceTree = "<group>";
		};
		BB1A864A275676B300C92789 /* Footer */ = {
			isa = PBXGroup;
			children = (
				BB1A864B275676BE00C92789 /* FooterView.swift */,
				BB1A864D275676C700C92789 /* FooterView.xib */,
			);
			path = Footer;
			sourceTree = "<group>";
		};
		BBB107AD2648284B003E9D08 = {
			isa = PBXGroup;
			children = (
				BBB107B82648284C003E9D08 /* CompositionalLayouts */,
				BBB107CF2648284D003E9D08 /* CompositionalLayoutsTests */,
				BBB107DA2648284D003E9D08 /* CompositionalLayoutsUITests */,
				BBB107B72648284C003E9D08 /* Products */,
				300B5A8E7B132C150F31A468 /* Pods */,
				51598229E018BA728C7C2D18 /* Frameworks */,
			);
			sourceTree = "<group>";
		};
		BBB107B72648284C003E9D08 /* Products */ = {
			isa = PBXGroup;
			children = (
				BBB107B62648284C003E9D08 /* CompositionalLayouts.app */,
				BBB107CC2648284D003E9D08 /* CompositionalLayoutsTests.xctest */,
				BBB107D72648284D003E9D08 /* CompositionalLayoutsUITests.xctest */,
			);
			name = Products;
			sourceTree = "<group>";
		};
		BBB107B82648284C003E9D08 /* CompositionalLayouts */ = {
			isa = PBXGroup;
			children = (
				BBB107F2264828B8003E9D08 /* Resources */,
				BBB107F3264828CA003E9D08 /* Sources */,
				BBB107C42648284D003E9D08 /* LaunchScreen.storyboard */,
				BB1A86412755D68800C92789 /* New Group */,
			);
			path = CompositionalLayouts;
			sourceTree = "<group>";
		};
		BBB107CF2648284D003E9D08 /* CompositionalLayoutsTests */ = {
			isa = PBXGroup;
			children = (
				BBB107D02648284D003E9D08 /* CompositionalLayoutsTests.swift */,
				BBB107D22648284D003E9D08 /* Info.plist */,
			);
			path = CompositionalLayoutsTests;
			sourceTree = "<group>";
		};
		BBB107DA2648284D003E9D08 /* CompositionalLayoutsUITests */ = {
			isa = PBXGroup;
			children = (
				BBB107DB2648284D003E9D08 /* CompositionalLayoutsUITests.swift */,
				BBB107DD2648284D003E9D08 /* Info.plist */,
			);
			path = CompositionalLayoutsUITests;
			sourceTree = "<group>";
		};
		BBB107F2264828B8003E9D08 /* Resources */ = {
			isa = PBXGroup;
			children = (
				BB014DE62759042B009B1B16 /* Constants */,
				BBB107C72648284D003E9D08 /* Info.plist */,
				BBB107C22648284D003E9D08 /* Assets.xcassets */,
				BB014DE72759044D009B1B16 /* Localizable.strings */,
			);
			path = Resources;
			sourceTree = "<group>";
		};
		BBB107F3264828CA003E9D08 /* Sources */ = {
			isa = PBXGroup;
			children = (
				BB1A863D2755D5E200C92789 /* Presentations */,
				BB1A86422755D69B00C92789 /* DataSource */,
				BB1A86402755D66000C92789 /* Extenstions */,
				BBB1082C26482A85003E9D08 /* AppDelegate */,
			);
			path = Sources;
			sourceTree = "<group>";
		};
		BBB1080326482981003E9D08 /* Main */ = {
			isa = PBXGroup;
			children = (
				BB1A864A275676B300C92789 /* Footer */,
				BB1A86452756716800C92789 /* Header */,
				BB1A863E2755D60800C92789 /* Cells */,
				BB1A863F2755D62E00C92789 /* Sections */,
				BBB1082D26482AB2003E9D08 /* MainViewController.swift */,
				BB014DDE2758D469009B1B16 /* MainViewModel.swift */,
				BBB1084E2648E647003E9D08 /* Main.storyboard */,
			);
			path = Main;
			sourceTree = "<group>";
		};
		BBB1082C26482A85003E9D08 /* AppDelegate */ = {
			isa = PBXGroup;
			children = (
				BBB107B92648284C003E9D08 /* AppDelegate.swift */,
				BBB107BB2648284C003E9D08 /* SceneDelegate.swift */,
			);
			path = AppDelegate;
			sourceTree = "<group>";
		};
/* End PBXGroup section */

/* Begin PBXNativeTarget section */
		BBB107B52648284C003E9D08 /* CompositionalLayouts */ = {
			isa = PBXNativeTarget;
			buildConfigurationList = BBB107E02648284D003E9D08 /* Build configuration list for PBXNativeTarget "CompositionalLayouts" */;
			buildPhases = (
				AEA2D92144EF15B0BDA20112 /* [CP] Check Pods Manifest.lock */,
				BB014DE927590467009B1B16 /* SwiftGen */,
				BBB107B22648284C003E9D08 /* Sources */,
				BBB107B32648284C003E9D08 /* Frameworks */,
				BBB107B42648284C003E9D08 /* Resources */,
				28435B752F0723A81B52B0A2 /* [CP] Embed Pods Frameworks */,
			);
			buildRules = (
			);
			dependencies = (
			);
			name = CompositionalLayouts;
			packageProductDependencies = (
			);
			productName = CompositionalLayouts;
			productReference = BBB107B62648284C003E9D08 /* CompositionalLayouts.app */;
			productType = "com.apple.product-type.application";
		};
		BBB107CB2648284D003E9D08 /* CompositionalLayoutsTests */ = {
			isa = PBXNativeTarget;
			buildConfigurationList = BBB107E32648284D003E9D08 /* Build configuration list for PBXNativeTarget "CompositionalLayoutsTests" */;
			buildPhases = (
				EA0FE56AC49F5F071021BA58 /* [CP] Check Pods Manifest.lock */,
				BBB107C82648284D003E9D08 /* Sources */,
				BBB107C92648284D003E9D08 /* Frameworks */,
				BBB107CA2648284D003E9D08 /* Resources */,
			);
			buildRules = (
			);
			dependencies = (
				BBB107CE2648284D003E9D08 /* PBXTargetDependency */,
			);
			name = CompositionalLayoutsTests;
			productName = CompositionalLayoutsTests;
			productReference = BBB107CC2648284D003E9D08 /* CompositionalLayoutsTests.xctest */;
			productType = "com.apple.product-type.bundle.unit-test";
		};
		BBB107D62648284D003E9D08 /* CompositionalLayoutsUITests */ = {
			isa = PBXNativeTarget;
			buildConfigurationList = BBB107E62648284D003E9D08 /* Build configuration list for PBXNativeTarget "CompositionalLayoutsUITests" */;
			buildPhases = (
				C2DE2FC67A038833993E9034 /* [CP] Check Pods Manifest.lock */,
				BBB107D32648284D003E9D08 /* Sources */,
				BBB107D42648284D003E9D08 /* Frameworks */,
				BBB107D52648284D003E9D08 /* Resources */,
				C5513E9DC072C043945137CC /* [CP] Embed Pods Frameworks */,
			);
			buildRules = (
			);
			dependencies = (
				BBB107D92648284D003E9D08 /* PBXTargetDependency */,
			);
			name = CompositionalLayoutsUITests;
			productName = CompositionalLayoutsUITests;
			productReference = BBB107D72648284D003E9D08 /* CompositionalLayoutsUITests.xctest */;
			productType = "com.apple.product-type.bundle.ui-testing";
		};
/* End PBXNativeTarget section */

/* Begin PBXProject section */
		BBB107AE2648284C003E9D08 /* Project object */ = {
			isa = PBXProject;
			attributes = {
				LastSwiftUpdateCheck = 1240;
				LastUpgradeCheck = 1240;
				TargetAttributes = {
					BBB107B52648284C003E9D08 = {
						CreatedOnToolsVersion = 12.4;
					};
					BBB107CB2648284D003E9D08 = {
						CreatedOnToolsVersion = 12.4;
						TestTargetID = BBB107B52648284C003E9D08;
					};
					BBB107D62648284D003E9D08 = {
						CreatedOnToolsVersion = 12.4;
						TestTargetID = BBB107B52648284C003E9D08;
					};
				};
			};
			buildConfigurationList = BBB107B12648284C003E9D08 /* Build configuration list for PBXProject "CompositionalLayouts" */;
			compatibilityVersion = "Xcode 9.3";
			developmentRegion = en;
			hasScannedForEncodings = 0;
			knownRegions = (
				en,
				Base,
			);
			mainGroup = BBB107AD2648284B003E9D08;
			packageReferences = (
			);
			productRefGroup = BBB107B72648284C003E9D08 /* Products */;
			projectDirPath = "";
			projectRoot = "";
			targets = (
				BBB107B52648284C003E9D08 /* CompositionalLayouts */,
				BBB107CB2648284D003E9D08 /* CompositionalLayoutsTests */,
				BBB107D62648284D003E9D08 /* CompositionalLayoutsUITests */,
			);
		};
/* End PBXProject section */

/* Begin PBXResourcesBuildPhase section */
		BBB107B42648284C003E9D08 /* Resources */ = {
			isa = PBXResourcesBuildPhase;
			buildActionMask = 2147483647;
			files = (
				BBB107C62648284D003E9D08 /* LaunchScreen.storyboard in Resources */,
				BB1A864E275676C700C92789 /* FooterView.xib in Resources */,
				BB1A8647275671A800C92789 /* HeaderView.xib in Resources */,
				BBB1084F2648E647003E9D08 /* Main.storyboard in Resources */,
				BB1A863A2755D52B00C92789 /* MainCell.xib in Resources */,
				BB014DE82759044D009B1B16 /* Localizable.strings in Resources */,
				BBB107C32648284D003E9D08 /* Assets.xcassets in Resources */,
				BB014DE32758F906009B1B16 /* SubCell.xib in Resources */,
			);
			runOnlyForDeploymentPostprocessing = 0;
		};
		BBB107CA2648284D003E9D08 /* Resources */ = {
			isa = PBXResourcesBuildPhase;
			buildActionMask = 2147483647;
			files = (
			);
			runOnlyForDeploymentPostprocessing = 0;
		};
		BBB107D52648284D003E9D08 /* Resources */ = {
			isa = PBXResourcesBuildPhase;
			buildActionMask = 2147483647;
			files = (
			);
			runOnlyForDeploymentPostprocessing = 0;
		};
/* End PBXResourcesBuildPhase section */

/* Begin PBXShellScriptBuildPhase section */
		28435B752F0723A81B52B0A2 /* [CP] Embed Pods Frameworks */ = {
			isa = PBXShellScriptBuildPhase;
			buildActionMask = 2147483647;
			files = (
			);
			inputFileListPaths = (
				"${PODS_ROOT}/Target Support Files/Pods-CompositionalLayouts/Pods-CompositionalLayouts-frameworks-${CONFIGURATION}-input-files.xcfilelist",
			);
			name = "[CP] Embed Pods Frameworks";
			outputFileListPaths = (
				"${PODS_ROOT}/Target Support Files/Pods-CompositionalLayouts/Pods-CompositionalLayouts-frameworks-${CONFIGURATION}-output-files.xcfilelist",
			);
			runOnlyForDeploymentPostprocessing = 0;
			shellPath = /bin/sh;
			shellScript = "\"${PODS_ROOT}/Target Support Files/Pods-CompositionalLayouts/Pods-CompositionalLayouts-frameworks.sh\"\n";
			showEnvVarsInLog = 0;
		};
		AEA2D92144EF15B0BDA20112 /* [CP] Check Pods Manifest.lock */ = {
			isa = PBXShellScriptBuildPhase;
			buildActionMask = 2147483647;
			files = (
			);
			inputFileListPaths = (
			);
			inputPaths = (
				"${PODS_PODFILE_DIR_PATH}/Podfile.lock",
				"${PODS_ROOT}/Manifest.lock",
			);
			name = "[CP] Check Pods Manifest.lock";
			outputFileListPaths = (
			);
			outputPaths = (
				"$(DERIVED_FILE_DIR)/Pods-CompositionalLayouts-checkManifestLockResult.txt",
			);
			runOnlyForDeploymentPostprocessing = 0;
			shellPath = /bin/sh;
			shellScript = "diff \"${PODS_PODFILE_DIR_PATH}/Podfile.lock\" \"${PODS_ROOT}/Manifest.lock\" > /dev/null\nif [ $? != 0 ] ; then\n    # print error to STDERR\n    echo \"error: The sandbox is not in sync with the Podfile.lock. Run 'pod install' or update your CocoaPods installation.\" >&2\n    exit 1\nfi\n# This output is used by Xcode 'outputs' to avoid re-running this script phase.\necho \"SUCCESS\" > \"${SCRIPT_OUTPUT_FILE_0}\"\n";
			showEnvVarsInLog = 0;
		};
		BB014DE927590467009B1B16 /* SwiftGen */ = {
			isa = PBXShellScriptBuildPhase;
			buildActionMask = 2147483647;
			files = (
			);
			inputFileListPaths = (
			);
			inputPaths = (
			);
			name = SwiftGen;
			outputFileListPaths = (
			);
			outputPaths = (
			);
			runOnlyForDeploymentPostprocessing = 0;
			shellPath = /bin/sh;
			shellScript = "if [[ -f \"${PODS_ROOT}/SwiftGen/bin/swiftgen\" ]]; then\n  \"${PODS_ROOT}/SwiftGen/bin/swiftgen\"\nelse\n  echo \"warning: SwiftGen is not installed. Run 'pod install --repo-update' to install it.\"\nfi\n";
		};
		C2DE2FC67A038833993E9034 /* [CP] Check Pods Manifest.lock */ = {
			isa = PBXShellScriptBuildPhase;
			buildActionMask = 2147483647;
			files = (
			);
			inputFileListPaths = (
			);
			inputPaths = (
				"${PODS_PODFILE_DIR_PATH}/Podfile.lock",
				"${PODS_ROOT}/Manifest.lock",
			);
			name = "[CP] Check Pods Manifest.lock";
			outputFileListPaths = (
			);
			outputPaths = (
				"$(DERIVED_FILE_DIR)/Pods-CompositionalLayouts-CompositionalLayoutsUITests-checkManifestLockResult.txt",
			);
			runOnlyForDeploymentPostprocessing = 0;
			shellPath = /bin/sh;
			shellScript = "diff \"${PODS_PODFILE_DIR_PATH}/Podfile.lock\" \"${PODS_ROOT}/Manifest.lock\" > /dev/null\nif [ $? != 0 ] ; then\n    # print error to STDERR\n    echo \"error: The sandbox is not in sync with the Podfile.lock. Run 'pod install' or update your CocoaPods installation.\" >&2\n    exit 1\nfi\n# This output is used by Xcode 'outputs' to avoid re-running this script phase.\necho \"SUCCESS\" > \"${SCRIPT_OUTPUT_FILE_0}\"\n";
			showEnvVarsInLog = 0;
		};
		C5513E9DC072C043945137CC /* [CP] Embed Pods Frameworks */ = {
			isa = PBXShellScriptBuildPhase;
			buildActionMask = 2147483647;
			files = (
			);
			inputFileListPaths = (
				"${PODS_ROOT}/Target Support Files/Pods-CompositionalLayouts-CompositionalLayoutsUITests/Pods-CompositionalLayouts-CompositionalLayoutsUITests-frameworks-${CONFIGURATION}-input-files.xcfilelist",
			);
			name = "[CP] Embed Pods Frameworks";
			outputFileListPaths = (
				"${PODS_ROOT}/Target Support Files/Pods-CompositionalLayouts-CompositionalLayoutsUITests/Pods-CompositionalLayouts-CompositionalLayoutsUITests-frameworks-${CONFIGURATION}-output-files.xcfilelist",
			);
			runOnlyForDeploymentPostprocessing = 0;
			shellPath = /bin/sh;
			shellScript = "\"${PODS_ROOT}/Target Support Files/Pods-CompositionalLayouts-CompositionalLayoutsUITests/Pods-CompositionalLayouts-CompositionalLayoutsUITests-frameworks.sh\"\n";
			showEnvVarsInLog = 0;
		};
		EA0FE56AC49F5F071021BA58 /* [CP] Check Pods Manifest.lock */ = {
			isa = PBXShellScriptBuildPhase;
			buildActionMask = 2147483647;
			files = (
			);
			inputFileListPaths = (
			);
			inputPaths = (
				"${PODS_PODFILE_DIR_PATH}/Podfile.lock",
				"${PODS_ROOT}/Manifest.lock",
			);
			name = "[CP] Check Pods Manifest.lock";
			outputFileListPaths = (
			);
			outputPaths = (
				"$(DERIVED_FILE_DIR)/Pods-CompositionalLayoutsTests-checkManifestLockResult.txt",
			);
			runOnlyForDeploymentPostprocessing = 0;
			shellPath = /bin/sh;
			shellScript = "diff \"${PODS_PODFILE_DIR_PATH}/Podfile.lock\" \"${PODS_ROOT}/Manifest.lock\" > /dev/null\nif [ $? != 0 ] ; then\n    # print error to STDERR\n    echo \"error: The sandbox is not in sync with the Podfile.lock. Run 'pod install' or update your CocoaPods installation.\" >&2\n    exit 1\nfi\n# This output is used by Xcode 'outputs' to avoid re-running this script phase.\necho \"SUCCESS\" > \"${SCRIPT_OUTPUT_FILE_0}\"\n";
			showEnvVarsInLog = 0;
		};
/* End PBXShellScriptBuildPhase section */

/* Begin PBXSourcesBuildPhase section */
		BBB107B22648284C003E9D08 /* Sources */ = {
			isa = PBXSourcesBuildPhase;
			buildActionMask = 2147483647;
			files = (
				BB1A8649275671BA00C92789 /* HeaderView.swift in Sources */,
				BB014DE12758F8FA009B1B16 /* SubCell.swift in Sources */,
				BBB1082E26482AB2003E9D08 /* MainViewController.swift in Sources */,
				BB1A86342755B38800C92789 /* SectionModelType.swift in Sources */,
				BB1A864C275676BE00C92789 /* FooterView.swift in Sources */,
				BB1A86362755B4FC00C92789 /* MainDataSource.swift in Sources */,
				BB014DEF275904A6009B1B16 /* Strings.swift in Sources */,
				BB014DDF2758D469009B1B16 /* MainViewModel.swift in Sources */,
				BB014DED275904A6009B1B16 /* Segues.swift in Sources */,
				BB014DEE275904A6009B1B16 /* Assets.swift in Sources */,
				BB1A86382755D52000C92789 /* MainCell.swift in Sources */,
				BB1A863C2755D58C00C92789 /* UICollectionView+Utils.swift in Sources */,
				BBB107BA2648284C003E9D08 /* AppDelegate.swift in Sources */,
				BBB107BC2648284C003E9D08 /* SceneDelegate.swift in Sources */,
			);
			runOnlyForDeploymentPostprocessing = 0;
		};
		BBB107C82648284D003E9D08 /* Sources */ = {
			isa = PBXSourcesBuildPhase;
			buildActionMask = 2147483647;
			files = (
				BBB107D12648284D003E9D08 /* CompositionalLayoutsTests.swift in Sources */,
			);
			runOnlyForDeploymentPostprocessing = 0;
		};
		BBB107D32648284D003E9D08 /* Sources */ = {
			isa = PBXSourcesBuildPhase;
			buildActionMask = 2147483647;
			files = (
				BBB107DC2648284D003E9D08 /* CompositionalLayoutsUITests.swift in Sources */,
			);
			runOnlyForDeploymentPostprocessing = 0;
		};
/* End PBXSourcesBuildPhase section */

/* Begin PBXTargetDependency section */
		BBB107CE2648284D003E9D08 /* PBXTargetDependency */ = {
			isa = PBXTargetDependency;
			target = BBB107B52648284C003E9D08 /* CompositionalLayouts */;
			targetProxy = BBB107CD2648284D003E9D08 /* PBXContainerItemProxy */;
		};
		BBB107D92648284D003E9D08 /* PBXTargetDependency */ = {
			isa = PBXTargetDependency;
			target = BBB107B52648284C003E9D08 /* CompositionalLayouts */;
			targetProxy = BBB107D82648284D003E9D08 /* PBXContainerItemProxy */;
		};
/* End PBXTargetDependency section */

/* Begin PBXVariantGroup section */
		BBB107C42648284D003E9D08 /* LaunchScreen.storyboard */ = {
			isa = PBXVariantGroup;
			children = (
				BBB107C52648284D003E9D08 /* Base */,
			);
			name = LaunchScreen.storyboard;
			sourceTree = "<group>";
		};
/* End PBXVariantGroup section */

/* Begin XCBuildConfiguration section */
		BBB107DE2648284D003E9D08 /* Debug */ = {
			isa = XCBuildConfiguration;
			buildSettings = {
				ALWAYS_SEARCH_USER_PATHS = NO;
				CLANG_ANALYZER_NONNULL = YES;
				CLANG_ANALYZER_NUMBER_OBJECT_CONVERSION = YES_AGGRESSIVE;
				CLANG_CXX_LANGUAGE_STANDARD = "gnu++14";
				CLANG_CXX_LIBRARY = "libc++";
				CLANG_ENABLE_MODULES = YES;
				CLANG_ENABLE_OBJC_ARC = YES;
				CLANG_ENABLE_OBJC_WEAK = YES;
				CLANG_WARN_BLOCK_CAPTURE_AUTORELEASING = YES;
				CLANG_WARN_BOOL_CONVERSION = YES;
				CLANG_WARN_COMMA = YES;
				CLANG_WARN_CONSTANT_CONVERSION = YES;
				CLANG_WARN_DEPRECATED_OBJC_IMPLEMENTATIONS = YES;
				CLANG_WARN_DIRECT_OBJC_ISA_USAGE = YES_ERROR;
				CLANG_WARN_DOCUMENTATION_COMMENTS = YES;
				CLANG_WARN_EMPTY_BODY = YES;
				CLANG_WARN_ENUM_CONVERSION = YES;
				CLANG_WARN_INFINITE_RECURSION = YES;
				CLANG_WARN_INT_CONVERSION = YES;
				CLANG_WARN_NON_LITERAL_NULL_CONVERSION = YES;
				CLANG_WARN_OBJC_IMPLICIT_RETAIN_SELF = YES;
				CLANG_WARN_OBJC_LITERAL_CONVERSION = YES;
				CLANG_WARN_OBJC_ROOT_CLASS = YES_ERROR;
				CLANG_WARN_QUOTED_INCLUDE_IN_FRAMEWORK_HEADER = YES;
				CLANG_WARN_RANGE_LOOP_ANALYSIS = YES;
				CLANG_WARN_STRICT_PROTOTYPES = YES;
				CLANG_WARN_SUSPICIOUS_MOVE = YES;
				CLANG_WARN_UNGUARDED_AVAILABILITY = YES_AGGRESSIVE;
				CLANG_WARN_UNREACHABLE_CODE = YES;
				CLANG_WARN__DUPLICATE_METHOD_MATCH = YES;
				COPY_PHASE_STRIP = NO;
				DEBUG_INFORMATION_FORMAT = dwarf;
				ENABLE_STRICT_OBJC_MSGSEND = YES;
				ENABLE_TESTABILITY = YES;
				GCC_C_LANGUAGE_STANDARD = gnu11;
				GCC_DYNAMIC_NO_PIC = NO;
				GCC_NO_COMMON_BLOCKS = YES;
				GCC_OPTIMIZATION_LEVEL = 0;
				GCC_PREPROCESSOR_DEFINITIONS = (
					"DEBUG=1",
					"$(inherited)",
				);
				GCC_WARN_64_TO_32_BIT_CONVERSION = YES;
				GCC_WARN_ABOUT_RETURN_TYPE = YES_ERROR;
				GCC_WARN_UNDECLARED_SELECTOR = YES;
				GCC_WARN_UNINITIALIZED_AUTOS = YES_AGGRESSIVE;
				GCC_WARN_UNUSED_FUNCTION = YES;
				GCC_WARN_UNUSED_VARIABLE = YES;
				IPHONEOS_DEPLOYMENT_TARGET = 13.0;
				MTL_ENABLE_DEBUG_INFO = INCLUDE_SOURCE;
				MTL_FAST_MATH = YES;
				ONLY_ACTIVE_ARCH = YES;
				SDKROOT = iphoneos;
				SWIFT_ACTIVE_COMPILATION_CONDITIONS = DEBUG;
				SWIFT_OPTIMIZATION_LEVEL = "-Onone";
			};
			name = Debug;
		};
		BBB107DF2648284D003E9D08 /* Release */ = {
			isa = XCBuildConfiguration;
			buildSettings = {
				ALWAYS_SEARCH_USER_PATHS = NO;
				CLANG_ANALYZER_NONNULL = YES;
				CLANG_ANALYZER_NUMBER_OBJECT_CONVERSION = YES_AGGRESSIVE;
				CLANG_CXX_LANGUAGE_STANDARD = "gnu++14";
				CLANG_CXX_LIBRARY = "libc++";
				CLANG_ENABLE_MODULES = YES;
				CLANG_ENABLE_OBJC_ARC = YES;
				CLANG_ENABLE_OBJC_WEAK = YES;
				CLANG_WARN_BLOCK_CAPTURE_AUTORELEASING = YES;
				CLANG_WARN_BOOL_CONVERSION = YES;
				CLANG_WARN_COMMA = YES;
				CLANG_WARN_CONSTANT_CONVERSION = YES;
				CLANG_WARN_DEPRECATED_OBJC_IMPLEMENTATIONS = YES;
				CLANG_WARN_DIRECT_OBJC_ISA_USAGE = YES_ERROR;
				CLANG_WARN_DOCUMENTATION_COMMENTS = YES;
				CLANG_WARN_EMPTY_BODY = YES;
				CLANG_WARN_ENUM_CONVERSION = YES;
				CLANG_WARN_INFINITE_RECURSION = YES;
				CLANG_WARN_INT_CONVERSION = YES;
				CLANG_WARN_NON_LITERAL_NULL_CONVERSION = YES;
				CLANG_WARN_OBJC_IMPLICIT_RETAIN_SELF = YES;
				CLANG_WARN_OBJC_LITERAL_CONVERSION = YES;
				CLANG_WARN_OBJC_ROOT_CLASS = YES_ERROR;
				CLANG_WARN_QUOTED_INCLUDE_IN_FRAMEWORK_HEADER = YES;
				CLANG_WARN_RANGE_LOOP_ANALYSIS = YES;
				CLANG_WARN_STRICT_PROTOTYPES = YES;
				CLANG_WARN_SUSPICIOUS_MOVE = YES;
				CLANG_WARN_UNGUARDED_AVAILABILITY = YES_AGGRESSIVE;
				CLANG_WARN_UNREACHABLE_CODE = YES;
				CLANG_WARN__DUPLICATE_METHOD_MATCH = YES;
				COPY_PHASE_STRIP = NO;
				DEBUG_INFORMATION_FORMAT = "dwarf-with-dsym";
				ENABLE_NS_ASSERTIONS = NO;
				ENABLE_STRICT_OBJC_MSGSEND = YES;
				GCC_C_LANGUAGE_STANDARD = gnu11;
				GCC_NO_COMMON_BLOCKS = YES;
				GCC_WARN_64_TO_32_BIT_CONVERSION = YES;
				GCC_WARN_ABOUT_RETURN_TYPE = YES_ERROR;
				GCC_WARN_UNDECLARED_SELECTOR = YES;
				GCC_WARN_UNINITIALIZED_AUTOS = YES_AGGRESSIVE;
				GCC_WARN_UNUSED_FUNCTION = YES;
				GCC_WARN_UNUSED_VARIABLE = YES;
				IPHONEOS_DEPLOYMENT_TARGET = 13.0;
				MTL_ENABLE_DEBUG_INFO = NO;
				MTL_FAST_MATH = YES;
				SDKROOT = iphoneos;
				SWIFT_COMPILATION_MODE = wholemodule;
				SWIFT_OPTIMIZATION_LEVEL = "-O";
				VALIDATE_PRODUCT = YES;
			};
			name = Release;
		};
		BBB107E12648284D003E9D08 /* Debug */ = {
			isa = XCBuildConfiguration;
			baseConfigurationReference = 803FC15AD0642FB093AF933F /* Pods-CompositionalLayouts.debug.xcconfig */;
			buildSettings = {
				ASSETCATALOG_COMPILER_APPICON_NAME = AppIcon;
				ASSETCATALOG_COMPILER_GLOBAL_ACCENT_COLOR_NAME = AccentColor;
				CODE_SIGN_STYLE = Automatic;
				DEVELOPMENT_TEAM = 7MTQ5H3G29;
				INFOPLIST_FILE = CompositionalLayouts/Resources/Info.plist;
				IPHONEOS_DEPLOYMENT_TARGET = 13.0;
				LD_RUNPATH_SEARCH_PATHS = (
					"$(inherited)",
					"@executable_path/Frameworks",
				);
				PRODUCT_BUNDLE_IDENTIFIER = kouyamamoto.CompositionalLayouts;
				PRODUCT_NAME = "$(TARGET_NAME)";
				SWIFT_VERSION = 5.0;
				TARGETED_DEVICE_FAMILY = "1,2";
			};
			name = Debug;
		};
		BBB107E22648284D003E9D08 /* Release */ = {
			isa = XCBuildConfiguration;
			baseConfigurationReference = 896397D00B263DEE2B579C83 /* Pods-CompositionalLayouts.release.xcconfig */;
			buildSettings = {
				ASSETCATALOG_COMPILER_APPICON_NAME = AppIcon;
				ASSETCATALOG_COMPILER_GLOBAL_ACCENT_COLOR_NAME = AccentColor;
				CODE_SIGN_STYLE = Automatic;
				DEVELOPMENT_TEAM = 7MTQ5H3G29;
				INFOPLIST_FILE = CompositionalLayouts/Resources/Info.plist;
				IPHONEOS_DEPLOYMENT_TARGET = 13.0;
				LD_RUNPATH_SEARCH_PATHS = (
					"$(inherited)",
					"@executable_path/Frameworks",
				);
				PRODUCT_BUNDLE_IDENTIFIER = kouyamamoto.CompositionalLayouts;
				PRODUCT_NAME = "$(TARGET_NAME)";
				SWIFT_VERSION = 5.0;
				TARGETED_DEVICE_FAMILY = "1,2";
			};
			name = Release;
		};
		BBB107E42648284D003E9D08 /* Debug */ = {
			isa = XCBuildConfiguration;
			baseConfigurationReference = BCF26FBA2658E0D680D75C24 /* Pods-CompositionalLayoutsTests.debug.xcconfig */;
			buildSettings = {
				ALWAYS_EMBED_SWIFT_STANDARD_LIBRARIES = YES;
				BUNDLE_LOADER = "$(TEST_HOST)";
				CODE_SIGN_STYLE = Automatic;
				DEVELOPMENT_TEAM = 7MTQ5H3G29;
				INFOPLIST_FILE = CompositionalLayoutsTests/Info.plist;
				IPHONEOS_DEPLOYMENT_TARGET = 14.4;
				LD_RUNPATH_SEARCH_PATHS = (
					"$(inherited)",
					"@executable_path/Frameworks",
					"@loader_path/Frameworks",
				);
				PRODUCT_BUNDLE_IDENTIFIER = kouyamamoto.CompositionalLayoutsTests;
				PRODUCT_NAME = "$(TARGET_NAME)";
				SWIFT_VERSION = 5.0;
				TARGETED_DEVICE_FAMILY = "1,2";
				TEST_HOST = "$(BUILT_PRODUCTS_DIR)/CompositionalLayouts.app/CompositionalLayouts";
			};
			name = Debug;
		};
		BBB107E52648284D003E9D08 /* Release */ = {
			isa = XCBuildConfiguration;
			baseConfigurationReference = 52D8163D04193DFC7CC57314 /* Pods-CompositionalLayoutsTests.release.xcconfig */;
			buildSettings = {
				ALWAYS_EMBED_SWIFT_STANDARD_LIBRARIES = YES;
				BUNDLE_LOADER = "$(TEST_HOST)";
				CODE_SIGN_STYLE = Automatic;
				DEVELOPMENT_TEAM = 7MTQ5H3G29;
				INFOPLIST_FILE = CompositionalLayoutsTests/Info.plist;
				IPHONEOS_DEPLOYMENT_TARGET = 14.4;
				LD_RUNPATH_SEARCH_PATHS = (
					"$(inherited)",
					"@executable_path/Frameworks",
					"@loader_path/Frameworks",
				);
				PRODUCT_BUNDLE_IDENTIFIER = kouyamamoto.CompositionalLayoutsTests;
				PRODUCT_NAME = "$(TARGET_NAME)";
				SWIFT_VERSION = 5.0;
				TARGETED_DEVICE_FAMILY = "1,2";
				TEST_HOST = "$(BUILT_PRODUCTS_DIR)/CompositionalLayouts.app/CompositionalLayouts";
			};
			name = Release;
		};
		BBB107E72648284D003E9D08 /* Debug */ = {
			isa = XCBuildConfiguration;
			baseConfigurationReference = 159E62A7E5F270BDCE36FD3F /* Pods-CompositionalLayouts-CompositionalLayoutsUITests.debug.xcconfig */;
			buildSettings = {
				ALWAYS_EMBED_SWIFT_STANDARD_LIBRARIES = YES;
				CODE_SIGN_STYLE = Automatic;
				DEVELOPMENT_TEAM = 7MTQ5H3G29;
				INFOPLIST_FILE = CompositionalLayoutsUITests/Info.plist;
				LD_RUNPATH_SEARCH_PATHS = (
					"$(inherited)",
					"@executable_path/Frameworks",
					"@loader_path/Frameworks",
				);
				PRODUCT_BUNDLE_IDENTIFIER = kouyamamoto.CompositionalLayoutsUITests;
				PRODUCT_NAME = "$(TARGET_NAME)";
				SWIFT_VERSION = 5.0;
				TARGETED_DEVICE_FAMILY = "1,2";
				TEST_TARGET_NAME = CompositionalLayouts;
			};
			name = Debug;
		};
		BBB107E82648284D003E9D08 /* Release */ = {
			isa = XCBuildConfiguration;
			baseConfigurationReference = 6E5BB6DFC803C64274C3C9B2 /* Pods-CompositionalLayouts-CompositionalLayoutsUITests.release.xcconfig */;
			buildSettings = {
				ALWAYS_EMBED_SWIFT_STANDARD_LIBRARIES = YES;
				CODE_SIGN_STYLE = Automatic;
				DEVELOPMENT_TEAM = 7MTQ5H3G29;
				INFOPLIST_FILE = CompositionalLayoutsUITests/Info.plist;
				LD_RUNPATH_SEARCH_PATHS = (
					"$(inherited)",
					"@executable_path/Frameworks",
					"@loader_path/Frameworks",
				);
				PRODUCT_BUNDLE_IDENTIFIER = kouyamamoto.CompositionalLayoutsUITests;
				PRODUCT_NAME = "$(TARGET_NAME)";
				SWIFT_VERSION = 5.0;
				TARGETED_DEVICE_FAMILY = "1,2";
				TEST_TARGET_NAME = CompositionalLayouts;
			};
			name = Release;
		};
/* End XCBuildConfiguration section */

/* Begin XCConfigurationList section */
		BBB107B12648284C003E9D08 /* Build configuration list for PBXProject "CompositionalLayouts" */ = {
			isa = XCConfigurationList;
			buildConfigurations = (
				BBB107DE2648284D003E9D08 /* Debug */,
				BBB107DF2648284D003E9D08 /* Release */,
			);
			defaultConfigurationIsVisible = 0;
			defaultConfigurationName = Release;
		};
		BBB107E02648284D003E9D08 /* Build configuration list for PBXNativeTarget "CompositionalLayouts" */ = {
			isa = XCConfigurationList;
			buildConfigurations = (
				BBB107E12648284D003E9D08 /* Debug */,
				BBB107E22648284D003E9D08 /* Release */,
			);
			defaultConfigurationIsVisible = 0;
			defaultConfigurationName = Release;
		};
		BBB107E32648284D003E9D08 /* Build configuration list for PBXNativeTarget "CompositionalLayoutsTests" */ = {
			isa = XCConfigurationList;
			buildConfigurations = (
				BBB107E42648284D003E9D08 /* Debug */,
				BBB107E52648284D003E9D08 /* Release */,
			);
			defaultConfigurationIsVisible = 0;
			defaultConfigurationName = Release;
		};
		BBB107E62648284D003E9D08 /* Build configuration list for PBXNativeTarget "CompositionalLayoutsUITests" */ = {
			isa = XCConfigurationList;
			buildConfigurations = (
				BBB107E72648284D003E9D08 /* Debug */,
				BBB107E82648284D003E9D08 /* Release */,
			);
			defaultConfigurationIsVisible = 0;
			defaultConfigurationName = Release;
		};
/* End XCConfigurationList section */
	};
	rootObject = BBB107AE2648284C003E9D08 /* Project object */;
}
