// !$*UTF8*$!
{
	archiveVersion = 1;
	classes = {
	};
	objectVersion = 50;
	objects = {

/* Begin PBXBuildFile section */
		BBB107BA2648284C003E9D08 /* AppDelegate.swift in Sources */ = {isa = PBXBuildFile; fileRef = BBB107B92648284C003E9D08 /* AppDelegate.swift */; };
		BBB107BC2648284C003E9D08 /* SceneDelegate.swift in Sources */ = {isa = PBXBuildFile; fileRef = BBB107BB2648284C003E9D08 /* SceneDelegate.swift */; };
		BBB107BE2648284C003E9D08 /* ViewController.swift in Sources */ = {isa = PBXBuildFile; fileRef = BBB107BD2648284C003E9D08 /* ViewController.swift */; };
		BBB107C12648284C003E9D08 /* Main.storyboard in Resources */ = {isa = PBXBuildFile; fileRef = BBB107BF2648284C003E9D08 /* Main.storyboard */; };
		BBB107C32648284D003E9D08 /* Assets.xcassets in Resources */ = {isa = PBXBuildFile; fileRef = BBB107C22648284D003E9D08 /* Assets.xcassets */; };
		BBB107C62648284D003E9D08 /* LaunchScreen.storyboard in Resources */ = {isa = PBXBuildFile; fileRef = BBB107C42648284D003E9D08 /* LaunchScreen.storyboard */; };
		BBB107D12648284D003E9D08 /* CompositionalLayoutsTests.swift in Sources */ = {isa = PBXBuildFile; fileRef = BBB107D02648284D003E9D08 /* CompositionalLayoutsTests.swift */; };
		BBB107DC2648284D003E9D08 /* CompositionalLayoutsUITests.swift in Sources */ = {isa = PBXBuildFile; fileRef = BBB107DB2648284D003E9D08 /* CompositionalLayoutsUITests.swift */; };
/* End PBXBuildFile section */

/* Begin PBXContainerItemProxy section */
		BBB107CD2648284D003E9D08 /* PBXContainerItemProxy */ = {
			isa = PBXContainerItemProxy;
			containerPortal = BBB107AE2648284C003E9D08 /* Project object */;
			proxyType = 1;
			remoteGlobalIDString = BBB107B52648284C003E9D08;
			remoteInfo = CompositionalLayouts;
		};
		BBB107D82648284D003E9D08 /* PBXContainerItemProxy */ = {
			isa = PBXContainerItemProxy;
			containerPortal = BBB107AE2648284C003E9D08 /* Project object */;
			proxyType = 1;
			remoteGlobalIDString = BBB107B52648284C003E9D08;
			remoteInfo = CompositionalLayouts;
		};
/* End PBXContainerItemProxy section */

/* Begin PBXFileReference section */
		BBB107B62648284C003E9D08 /* CompositionalLayouts.app */ = {isa = PBXFileReference; explicitFileType = wrapper.application; includeInIndex = 0; path = CompositionalLayouts.app; sourceTree = BUILT_PRODUCTS_DIR; };
		BBB107B92648284C003E9D08 /* AppDelegate.swift */ = {isa = PBXFileReference; lastKnownFileType = sourcecode.swift; path = AppDelegate.swift; sourceTree = "<group>"; };
		BBB107BB2648284C003E9D08 /* SceneDelegate.swift */ = {isa = PBXFileReference; lastKnownFileType = sourcecode.swift; path = SceneDelegate.swift; sourceTree = "<group>"; };
		BBB107BD2648284C003E9D08 /* ViewController.swift */ = {isa = PBXFileReference; lastKnownFileType = sourcecode.swift; path = ViewController.swift; sourceTree = "<group>"; };
		BBB107C02648284C003E9D08 /* Base */ = {isa = PBXFileReference; lastKnownFileType = file.storyboard; name = Base; path = Base.lproj/Main.storyboard; sourceTree = "<group>"; };
		BBB107C22648284D003E9D08 /* Assets.xcassets */ = {isa = PBXFileReference; lastKnownFileType = folder.assetcatalog; path = Assets.xcassets; sourceTree = "<group>"; };
		BBB107C52648284D003E9D08 /* Base */ = {isa = PBXFileReference; lastKnownFileType = file.storyboard; name = Base; path = Base.lproj/LaunchScreen.storyboard; sourceTree = "<group>"; };
		BBB107C72648284D003E9D08 /* Info.plist */ = {isa = PBXFileReference; lastKnownFileType = text.plist.xml; path = Info.plist; sourceTree = "<group>"; };
		BBB107CC2648284D003E9D08 /* CompositionalLayoutsTests.xctest */ = {isa = PBXFileReference; explicitFileType = wrapper.cfbundle; includeInIndex = 0; path = CompositionalLayoutsTests.xctest; sourceTree = BUILT_PRODUCTS_DIR; };
		BBB107D02648284D003E9D08 /* CompositionalLayoutsTests.swift */ = {isa = PBXFileReference; lastKnownFileType = sourcecode.swift; path = CompositionalLayoutsTests.swift; sourceTree = "<group>"; };
		BBB107D22648284D003E9D08 /* Info.plist */ = {isa = PBXFileReference; lastKnownFileType = text.plist.xml; path = Info.plist; sourceTree = "<group>"; };
		BBB107D72648284D003E9D08 /* CompositionalLayoutsUITests.xctest */ = {isa = PBXFileReference; explicitFileType = wrapper.cfbundle; includeInIndex = 0; path = CompositionalLayoutsUITests.xctest; sourceTree = BUILT_PRODUCTS_DIR; };
		BBB107DB2648284D003E9D08 /* CompositionalLayoutsUITests.swift */ = {isa = PBXFileReference; lastKnownFileType = sourcecode.swift; path = CompositionalLayoutsUITests.swift; sourceTree = "<group>"; };
		BBB107DD2648284D003E9D08 /* Info.plist */ = {isa = PBXFileReference; lastKnownFileType = text.plist.xml; path = Info.plist; sourceTree = "<group>"; };
/* End PBXFileReference section */

/* Begin PBXFrameworksBuildPhase section */
		BBB107B32648284C003E9D08 /* Frameworks */ = {
			isa = PBXFrameworksBuildPhase;
			buildActionMask = 2147483647;
			files = (
			);
			runOnlyForDeploymentPostprocessing = 0;
		};
		BBB107C92648284D003E9D08 /* Frameworks */ = {
			isa = PBXFrameworksBuildPhase;
			buildActionMask = 2147483647;
			files = (
			);
			runOnlyForDeploymentPostprocessing = 0;
		};
		BBB107D42648284D003E9D08 /* Frameworks */ = {
			isa = PBXFrameworksBuildPhase;
			buildActionMask = 2147483647;
			files = (
			);
			runOnlyForDeploymentPostprocessing = 0;
		};
/* End PBXFrameworksBuildPhase section */

/* Begin PBXGroup section */
		BBB107AD2648284B003E9D08 = {
			isa = PBXGroup;
			children = (
				BBB107B82648284C003E9D08 /* CompositionalLayouts */,
				BBB107CF2648284D003E9D08 /* CompositionalLayoutsTests */,
				BBB107DA2648284D003E9D08 /* CompositionalLayoutsUITests */,
				BBB107B72648284C003E9D08 /* Products */,
			);
			sourceTree = "<group>";
		};
		BBB107B72648284C003E9D08 /* Products */ = {
			isa = PBXGroup;
			children = (
				BBB107B62648284C003E9D08 /* CompositionalLayouts.app */,
				BBB107CC2648284D003E9D08 /* CompositionalLayoutsTests.xctest */,
				BBB107D72648284D003E9D08 /* CompositionalLayoutsUITests.xctest */,
			);
			name = Products;
			sourceTree = "<group>";
		};
		BBB107B82648284C003E9D08 /* CompositionalLayouts */ = {
			isa = PBXGroup;
			children = (
				BBB107B92648284C003E9D08 /* AppDelegate.swift */,
				BBB107BB2648284C003E9D08 /* SceneDelegate.swift */,
				BBB107BD2648284C003E9D08 /* ViewController.swift */,
				BBB107BF2648284C003E9D08 /* Main.storyboard */,
				BBB107C22648284D003E9D08 /* Assets.xcassets */,
				BBB107C42648284D003E9D08 /* LaunchScreen.storyboard */,
				BBB107C72648284D003E9D08 /* Info.plist */,
			);
			path = CompositionalLayouts;
			sourceTree = "<group>";
		};
		BBB107CF2648284D003E9D08 /* CompositionalLayoutsTests */ = {
			isa = PBXGroup;
			children = (
				BBB107D02648284D003E9D08 /* CompositionalLayoutsTests.swift */,
				BBB107D22648284D003E9D08 /* Info.plist */,
			);
			path = CompositionalLayoutsTests;
			sourceTree = "<group>";
		};
		BBB107DA2648284D003E9D08 /* CompositionalLayoutsUITests */ = {
			isa = PBXGroup;
			children = (
				BBB107DB2648284D003E9D08 /* CompositionalLayoutsUITests.swift */,
				BBB107DD2648284D003E9D08 /* Info.plist */,
			);
			path = CompositionalLayoutsUITests;
			sourceTree = "<group>";
		};
/* End PBXGroup section */

/* Begin PBXNativeTarget section */
		BBB107B52648284C003E9D08 /* CompositionalLayouts */ = {
			isa = PBXNativeTarget;
			buildConfigurationList = BBB107E02648284D003E9D08 /* Build configuration list for PBXNativeTarget "CompositionalLayouts" */;
			buildPhases = (
				BBB107B22648284C003E9D08 /* Sources */,
				BBB107B32648284C003E9D08 /* Frameworks */,
				BBB107B42648284C003E9D08 /* Resources */,
			);
			buildRules = (
			);
			dependencies = (
			);
			name = CompositionalLayouts;
			productName = CompositionalLayouts;
			productReference = BBB107B62648284C003E9D08 /* CompositionalLayouts.app */;
			productType = "com.apple.product-type.application";
		};
		BBB107CB2648284D003E9D08 /* CompositionalLayoutsTests */ = {
			isa = PBXNativeTarget;
			buildConfigurationList = BBB107E32648284D003E9D08 /* Build configuration list for PBXNativeTarget "CompositionalLayoutsTests" */;
			buildPhases = (
				BBB107C82648284D003E9D08 /* Sources */,
				BBB107C92648284D003E9D08 /* Frameworks */,
				BBB107CA2648284D003E9D08 /* Resources */,
			);
			buildRules = (
			);
			dependencies = (
				BBB107CE2648284D003E9D08 /* PBXTargetDependency */,
			);
			name = CompositionalLayoutsTests;
			productName = CompositionalLayoutsTests;
			productReference = BBB107CC2648284D003E9D08 /* CompositionalLayoutsTests.xctest */;
			productType = "com.apple.product-type.bundle.unit-test";
		};
		BBB107D62648284D003E9D08 /* CompositionalLayoutsUITests */ = {
			isa = PBXNativeTarget;
			buildConfigurationList = BBB107E62648284D003E9D08 /* Build configuration list for PBXNativeTarget "CompositionalLayoutsUITests" */;
			buildPhases = (
				BBB107D32648284D003E9D08 /* Sources */,
				BBB107D42648284D003E9D08 /* Frameworks */,
				BBB107D52648284D003E9D08 /* Resources */,
			);
			buildRules = (
			);
			dependencies = (
				BBB107D92648284D003E9D08 /* PBXTargetDependency */,
			);
			name = CompositionalLayoutsUITests;
			productName = CompositionalLayoutsUITests;
			productReference = BBB107D72648284D003E9D08 /* CompositionalLayoutsUITests.xctest */;
			productType = "com.apple.product-type.bundle.ui-testing";
		};
/* End PBXNativeTarget section */

/* Begin PBXProject section */
		BBB107AE2648284C003E9D08 /* Project object */ = {
			isa = PBXProject;
			attributes = {
				LastSwiftUpdateCheck = 1240;
				LastUpgradeCheck = 1240;
				TargetAttributes = {
					BBB107B52648284C003E9D08 = {
						CreatedOnToolsVersion = 12.4;
					};
					BBB107CB2648284D003E9D08 = {
						CreatedOnToolsVersion = 12.4;
						TestTargetID = BBB107B52648284C003E9D08;
					};
					BBB107D62648284D003E9D08 = {
						CreatedOnToolsVersion = 12.4;
						TestTargetID = BBB107B52648284C003E9D08;
					};
				};
			};
			buildConfigurationList = BBB107B12648284C003E9D08 /* Build configuration list for PBXProject "CompositionalLayouts" */;
			compatibilityVersion = "Xcode 9.3";
			developmentRegion = en;
			hasScannedForEncodings = 0;
			knownRegions = (
				en,
				Base,
			);
			mainGroup = BBB107AD2648284B003E9D08;
			productRefGroup = BBB107B72648284C003E9D08 /* Products */;
			projectDirPath = "";
			projectRoot = "";
			targets = (
				BBB107B52648284C003E9D08 /* CompositionalLayouts */,
				BBB107CB2648284D003E9D08 /* CompositionalLayoutsTests */,
				BBB107D62648284D003E9D08 /* CompositionalLayoutsUITests */,
			);
		};
/* End PBXProject section */

/* Begin PBXResourcesBuildPhase section */
		BBB107B42648284C003E9D08 /* Resources */ = {
			isa = PBXResourcesBuildPhase;
			buildActionMask = 2147483647;
			files = (
				BBB107C62648284D003E9D08 /* LaunchScreen.storyboard in Resources */,
				BBB107C32648284D003E9D08 /* Assets.xcassets in Resources */,
				BBB107C12648284C003E9D08 /* Main.storyboard in Resources */,
			);
			runOnlyForDeploymentPostprocessing = 0;
		};
		BBB107CA2648284D003E9D08 /* Resources */ = {
			isa = PBXResourcesBuildPhase;
			buildActionMask = 2147483647;
			files = (
			);
			runOnlyForDeploymentPostprocessing = 0;
		};
		BBB107D52648284D003E9D08 /* Resources */ = {
			isa = PBXResourcesBuildPhase;
			buildActionMask = 2147483647;
			files = (
			);
			runOnlyForDeploymentPostprocessing = 0;
		};
/* End PBXResourcesBuildPhase section */

/* Begin PBXSourcesBuildPhase section */
		BBB107B22648284C003E9D08 /* Sources */ = {
			isa = PBXSourcesBuildPhase;
			buildActionMask = 2147483647;
			files = (
				BBB107BE2648284C003E9D08 /* ViewController.swift in Sources */,
				BBB107BA2648284C003E9D08 /* AppDelegate.swift in Sources */,
				BBB107BC2648284C003E9D08 /* SceneDelegate.swift in Sources */,
			);
			runOnlyForDeploymentPostprocessing = 0;
		};
		BBB107C82648284D003E9D08 /* Sources */ = {
			isa = PBXSourcesBuildPhase;
			buildActionMask = 2147483647;
			files = (
				BBB107D12648284D003E9D08 /* CompositionalLayoutsTests.swift in Sources */,
			);
			runOnlyForDeploymentPostprocessing = 0;
		};
		BBB107D32648284D003E9D08 /* Sources */ = {
			isa = PBXSourcesBuildPhase;
			buildActionMask = 2147483647;
			files = (
				BBB107DC2648284D003E9D08 /* CompositionalLayoutsUITests.swift in Sources */,
			);
			runOnlyForDeploymentPostprocessing = 0;
		};
/* End PBXSourcesBuildPhase section */

/* Begin PBXTargetDependency section */
		BBB107CE2648284D003E9D08 /* PBXTargetDependency */ = {
			isa = PBXTargetDependency;
			target = BBB107B52648284C003E9D08 /* CompositionalLayouts */;
			targetProxy = BBB107CD2648284D003E9D08 /* PBXContainerItemProxy */;
		};
		BBB107D92648284D003E9D08 /* PBXTargetDependency */ = {
			isa = PBXTargetDependency;
			target = BBB107B52648284C003E9D08 /* CompositionalLayouts */;
			targetProxy = BBB107D82648284D003E9D08 /* PBXContainerItemProxy */;
		};
/* End PBXTargetDependency section */

/* Begin PBXVariantGroup section */
		BBB107BF2648284C003E9D08 /* Main.storyboard */ = {
			isa = PBXVariantGroup;
			children = (
				BBB107C02648284C003E9D08 /* Base */,
			);
			name = Main.storyboard;
			sourceTree = "<group>";
		};
		BBB107C42648284D003E9D08 /* LaunchScreen.storyboard */ = {
			isa = PBXVariantGroup;
			children = (
				BBB107C52648284D003E9D08 /* Base */,
			);
			name = LaunchScreen.storyboard;
			sourceTree = "<group>";
		};
/* End PBXVariantGroup section */

/* Begin XCBuildConfiguration section */
		BBB107DE2648284D003E9D08 /* Debug */ = {
			isa = XCBuildConfiguration;
			buildSettings = {
				ALWAYS_SEARCH_USER_PATHS = NO;
				CLANG_ANALYZER_NONNULL = YES;
				CLANG_ANALYZER_NUMBER_OBJECT_CONVERSION = YES_AGGRESSIVE;
				CLANG_CXX_LANGUAGE_STANDARD = "gnu++14";
				CLANG_CXX_LIBRARY = "libc++";
				CLANG_ENABLE_MODULES = YES;
				CLANG_ENABLE_OBJC_ARC = YES;
				CLANG_ENABLE_OBJC_WEAK = YES;
				CLANG_WARN_BLOCK_CAPTURE_AUTORELEASING = YES;
				CLANG_WARN_BOOL_CONVERSION = YES;
				CLANG_WARN_COMMA = YES;
				CLANG_WARN_CONSTANT_CONVERSION = YES;
				CLANG_WARN_DEPRECATED_OBJC_IMPLEMENTATIONS = YES;
				CLANG_WARN_DIRECT_OBJC_ISA_USAGE = YES_ERROR;
				CLANG_WARN_DOCUMENTATION_COMMENTS = YES;
				CLANG_WARN_EMPTY_BODY = YES;
				CLANG_WARN_ENUM_CONVERSION = YES;
				CLANG_WARN_INFINITE_RECURSION = YES;
				CLANG_WARN_INT_CONVERSION = YES;
				CLANG_WARN_NON_LITERAL_NULL_CONVERSION = YES;
				CLANG_WARN_OBJC_IMPLICIT_RETAIN_SELF = YES;
				CLANG_WARN_OBJC_LITERAL_CONVERSION = YES;
				CLANG_WARN_OBJC_ROOT_CLASS = YES_ERROR;
				CLANG_WARN_QUOTED_INCLUDE_IN_FRAMEWORK_HEADER = YES;
				CLANG_WARN_RANGE_LOOP_ANALYSIS = YES;
				CLANG_WARN_STRICT_PROTOTYPES = YES;
				CLANG_WARN_SUSPICIOUS_MOVE = YES;
				CLANG_WARN_UNGUARDED_AVAILABILITY = YES_AGGRESSIVE;
				CLANG_WARN_UNREACHABLE_CODE = YES;
				CLANG_WARN__DUPLICATE_METHOD_MATCH = YES;
				COPY_PHASE_STRIP = NO;
				DEBUG_INFORMATION_FORMAT = dwarf;
				ENABLE_STRICT_OBJC_MSGSEND = YES;
				ENABLE_TESTABILITY = YES;
				GCC_C_LANGUAGE_STANDARD = gnu11;
				GCC_DYNAMIC_NO_PIC = NO;
				GCC_NO_COMMON_BLOCKS = YES;
				GCC_OPTIMIZATION_LEVEL = 0;
				GCC_PREPROCESSOR_DEFINITIONS = (
					"DEBUG=1",
					"$(inherited)",
				);
				GCC_WARN_64_TO_32_BIT_CONVERSION = YES;
				GCC_WARN_ABOUT_RETURN_TYPE = YES_ERROR;
				GCC_WARN_UNDECLARED_SELECTOR = YES;
				GCC_WARN_UNINITIALIZED_AUTOS = YES_AGGRESSIVE;
				GCC_WARN_UNUSED_FUNCTION = YES;
				GCC_WARN_UNUSED_VARIABLE = YES;
				IPHONEOS_DEPLOYMENT_TARGET = 14.4;
				MTL_ENABLE_DEBUG_INFO = INCLUDE_SOURCE;
				MTL_FAST_MATH = YES;
				ONLY_ACTIVE_ARCH = YES;
				SDKROOT = iphoneos;
				SWIFT_ACTIVE_COMPILATION_CONDITIONS = DEBUG;
				SWIFT_OPTIMIZATION_LEVEL = "-Onone";
			};
			name = Debug;
		};
		BBB107DF2648284D003E9D08 /* Release */ = {
			isa = XCBuildConfiguration;
			buildSettings = {
				ALWAYS_SEARCH_USER_PATHS = NO;
				CLANG_ANALYZER_NONNULL = YES;
				CLANG_ANALYZER_NUMBER_OBJECT_CONVERSION = YES_AGGRESSIVE;
				CLANG_CXX_LANGUAGE_STANDARD = "gnu++14";
				CLANG_CXX_LIBRARY = "libc++";
				CLANG_ENABLE_MODULES = YES;
				CLANG_ENABLE_OBJC_ARC = YES;
				CLANG_ENABLE_OBJC_WEAK = YES;
				CLANG_WARN_BLOCK_CAPTURE_AUTORELEASING = YES;
				CLANG_WARN_BOOL_CONVERSION = YES;
				CLANG_WARN_COMMA = YES;
				CLANG_WARN_CONSTANT_CONVERSION = YES;
				CLANG_WARN_DEPRECATED_OBJC_IMPLEMENTATIONS = YES;
				CLANG_WARN_DIRECT_OBJC_ISA_USAGE = YES_ERROR;
				CLANG_WARN_DOCUMENTATION_COMMENTS = YES;
				CLANG_WARN_EMPTY_BODY = YES;
				CLANG_WARN_ENUM_CONVERSION = YES;
				CLANG_WARN_INFINITE_RECURSION = YES;
				CLANG_WARN_INT_CONVERSION = YES;
				CLANG_WARN_NON_LITERAL_NULL_CONVERSION = YES;
				CLANG_WARN_OBJC_IMPLICIT_RETAIN_SELF = YES;
				CLANG_WARN_OBJC_LITERAL_CONVERSION = YES;
				CLANG_WARN_OBJC_ROOT_CLASS = YES_ERROR;
				CLANG_WARN_QUOTED_INCLUDE_IN_FRAMEWORK_HEADER = YES;
				CLANG_WARN_RANGE_LOOP_ANALYSIS = YES;
				CLANG_WARN_STRICT_PROTOTYPES = YES;
				CLANG_WARN_SUSPICIOUS_MOVE = YES;
				CLANG_WARN_UNGUARDED_AVAILABILITY = YES_AGGRESSIVE;
				CLANG_WARN_UNREACHABLE_CODE = YES;
				CLANG_WARN__DUPLICATE_METHOD_MATCH = YES;
				COPY_PHASE_STRIP = NO;
				DEBUG_INFORMATION_FORMAT = "dwarf-with-dsym";
				ENABLE_NS_ASSERTIONS = NO;
				ENABLE_STRICT_OBJC_MSGSEND = YES;
				GCC_C_LANGUAGE_STANDARD = gnu11;
				GCC_NO_COMMON_BLOCKS = YES;
				GCC_WARN_64_TO_32_BIT_CONVERSION = YES;
				GCC_WARN_ABOUT_RETURN_TYPE = YES_ERROR;
				GCC_WARN_UNDECLARED_SELECTOR = YES;
				GCC_WARN_UNINITIALIZED_AUTOS = YES_AGGRESSIVE;
				GCC_WARN_UNUSED_FUNCTION = YES;
				GCC_WARN_UNUSED_VARIABLE = YES;
				IPHONEOS_DEPLOYMENT_TARGET = 14.4;
				MTL_ENABLE_DEBUG_INFO = NO;
				MTL_FAST_MATH = YES;
				SDKROOT = iphoneos;
				SWIFT_COMPILATION_MODE = wholemodule;
				SWIFT_OPTIMIZATION_LEVEL = "-O";
				VALIDATE_PRODUCT = YES;
			};
			name = Release;
		};
		BBB107E12648284D003E9D08 /* Debug */ = {
			isa = XCBuildConfiguration;
			buildSettings = {
				ASSETCATALOG_COMPILER_APPICON_NAME = AppIcon;
				ASSETCATALOG_COMPILER_GLOBAL_ACCENT_COLOR_NAME = AccentColor;
				CODE_SIGN_STYLE = Automatic;
				DEVELOPMENT_TEAM = 7MTQ5H3G29;
				INFOPLIST_FILE = CompositionalLayouts/Info.plist;
				LD_RUNPATH_SEARCH_PATHS = (
					"$(inherited)",
					"@executable_path/Frameworks",
				);
				PRODUCT_BUNDLE_IDENTIFIER = kouyamamoto.CompositionalLayouts;
				PRODUCT_NAME = "$(TARGET_NAME)";
				SWIFT_VERSION = 5.0;
				TARGETED_DEVICE_FAMILY = "1,2";
			};
			name = Debug;
		};
		BBB107E22648284D003E9D08 /* Release */ = {
			isa = XCBuildConfiguration;
			buildSettings = {
				ASSETCATALOG_COMPILER_APPICON_NAME = AppIcon;
				ASSETCATALOG_COMPILER_GLOBAL_ACCENT_COLOR_NAME = AccentColor;
				CODE_SIGN_STYLE = Automatic;
				DEVELOPMENT_TEAM = 7MTQ5H3G29;
				INFOPLIST_FILE = CompositionalLayouts/Info.plist;
				LD_RUNPATH_SEARCH_PATHS = (
					"$(inherited)",
					"@executable_path/Frameworks",
				);
				PRODUCT_BUNDLE_IDENTIFIER = kouyamamoto.CompositionalLayouts;
				PRODUCT_NAME = "$(TARGET_NAME)";
				SWIFT_VERSION = 5.0;
				TARGETED_DEVICE_FAMILY = "1,2";
			};
			name = Release;
		};
		BBB107E42648284D003E9D08 /* Debug */ = {
			isa = XCBuildConfiguration;
			buildSettings = {
				ALWAYS_EMBED_SWIFT_STANDARD_LIBRARIES = YES;
				BUNDLE_LOADER = "$(TEST_HOST)";
				CODE_SIGN_STYLE = Automatic;
				DEVELOPMENT_TEAM = 7MTQ5H3G29;
				INFOPLIST_FILE = CompositionalLayoutsTests/Info.plist;
				IPHONEOS_DEPLOYMENT_TARGET = 14.4;
				LD_RUNPATH_SEARCH_PATHS = (
					"$(inherited)",
					"@executable_path/Frameworks",
					"@loader_path/Frameworks",
				);
				PRODUCT_BUNDLE_IDENTIFIER = kouyamamoto.CompositionalLayoutsTests;
				PRODUCT_NAME = "$(TARGET_NAME)";
				SWIFT_VERSION = 5.0;
				TARGETED_DEVICE_FAMILY = "1,2";
				TEST_HOST = "$(BUILT_PRODUCTS_DIR)/CompositionalLayouts.app/CompositionalLayouts";
			};
			name = Debug;
		};
		BBB107E52648284D003E9D08 /* Release */ = {
			isa = XCBuildConfiguration;
			buildSettings = {
				ALWAYS_EMBED_SWIFT_STANDARD_LIBRARIES = YES;
				BUNDLE_LOADER = "$(TEST_HOST)";
				CODE_SIGN_STYLE = Automatic;
				DEVELOPMENT_TEAM = 7MTQ5H3G29;
				INFOPLIST_FILE = CompositionalLayoutsTests/Info.plist;
				IPHONEOS_DEPLOYMENT_TARGET = 14.4;
				LD_RUNPATH_SEARCH_PATHS = (
					"$(inherited)",
					"@executable_path/Frameworks",
					"@loader_path/Frameworks",
				);
				PRODUCT_BUNDLE_IDENTIFIER = kouyamamoto.CompositionalLayoutsTests;
				PRODUCT_NAME = "$(TARGET_NAME)";
				SWIFT_VERSION = 5.0;
				TARGETED_DEVICE_FAMILY = "1,2";
				TEST_HOST = "$(BUILT_PRODUCTS_DIR)/CompositionalLayouts.app/CompositionalLayouts";
			};
			name = Release;
		};
		BBB107E72648284D003E9D08 /* Debug */ = {
			isa = XCBuildConfiguration;
			buildSettings = {
				ALWAYS_EMBED_SWIFT_STANDARD_LIBRARIES = YES;
				CODE_SIGN_STYLE = Automatic;
				DEVELOPMENT_TEAM = 7MTQ5H3G29;
				INFOPLIST_FILE = CompositionalLayoutsUITests/Info.plist;
				LD_RUNPATH_SEARCH_PATHS = (
					"$(inherited)",
					"@executable_path/Frameworks",
					"@loader_path/Frameworks",
				);
				PRODUCT_BUNDLE_IDENTIFIER = kouyamamoto.CompositionalLayoutsUITests;
				PRODUCT_NAME = "$(TARGET_NAME)";
				SWIFT_VERSION = 5.0;
				TARGETED_DEVICE_FAMILY = "1,2";
				TEST_TARGET_NAME = CompositionalLayouts;
			};
			name = Debug;
		};
		BBB107E82648284D003E9D08 /* Release */ = {
			isa = XCBuildConfiguration;
			buildSettings = {
				ALWAYS_EMBED_SWIFT_STANDARD_LIBRARIES = YES;
				CODE_SIGN_STYLE = Automatic;
				DEVELOPMENT_TEAM = 7MTQ5H3G29;
				INFOPLIST_FILE = CompositionalLayoutsUITests/Info.plist;
				LD_RUNPATH_SEARCH_PATHS = (
					"$(inherited)",
					"@executable_path/Frameworks",
					"@loader_path/Frameworks",
				);
				PRODUCT_BUNDLE_IDENTIFIER = kouyamamoto.CompositionalLayoutsUITests;
				PRODUCT_NAME = "$(TARGET_NAME)";
				SWIFT_VERSION = 5.0;
				TARGETED_DEVICE_FAMILY = "1,2";
				TEST_TARGET_NAME = CompositionalLayouts;
			};
			name = Release;
		};
/* End XCBuildConfiguration section */

/* Begin XCConfigurationList section */
		BBB107B12648284C003E9D08 /* Build configuration list for PBXProject "CompositionalLayouts" */ = {
			isa = XCConfigurationList;
			buildConfigurations = (
				BBB107DE2648284D003E9D08 /* Debug */,
				BBB107DF2648284D003E9D08 /* Release */,
			);
			defaultConfigurationIsVisible = 0;
			defaultConfigurationName = Release;
		};
		BBB107E02648284D003E9D08 /* Build configuration list for PBXNativeTarget "CompositionalLayouts" */ = {
			isa = XCConfigurationList;
			buildConfigurations = (
				BBB107E12648284D003E9D08 /* Debug */,
				BBB107E22648284D003E9D08 /* Release */,
			);
			defaultConfigurationIsVisible = 0;
			defaultConfigurationName = Release;
		};
		BBB107E32648284D003E9D08 /* Build configuration list for PBXNativeTarget "CompositionalLayoutsTests" */ = {
			isa = XCConfigurationList;
			buildConfigurations = (
				BBB107E42648284D003E9D08 /* Debug */,
				BBB107E52648284D003E9D08 /* Release */,
			);
			defaultConfigurationIsVisible = 0;
			defaultConfigurationName = Release;
		};
		BBB107E62648284D003E9D08 /* Build configuration list for PBXNativeTarget "CompositionalLayoutsUITests" */ = {
			isa = XCConfigurationList;
			buildConfigurations = (
				BBB107E72648284D003E9D08 /* Debug */,
				BBB107E82648284D003E9D08 /* Release */,
			);
			defaultConfigurationIsVisible = 0;
			defaultConfigurationName = Release;
		};
/* End XCConfigurationList section */
	};
	rootObject = BBB107AE2648284C003E9D08 /* Project object */;
}
